// !$*UTF8*$!
{
	archiveVersion = 1;
	classes = {
	};
	objectVersion = 56;
	objects = {

/* Begin PBXBuildFile section */
		68CB83592AA6EEA300E22D99 /* AppDelegate.swift in Sources */ = {isa = PBXBuildFile; fileRef = 68CB83582AA6EEA300E22D99 /* AppDelegate.swift */; };
		68CB835B2AA6EEA300E22D99 /* SceneDelegate.swift in Sources */ = {isa = PBXBuildFile; fileRef = 68CB835A2AA6EEA300E22D99 /* SceneDelegate.swift */; };
		68CB835D2AA6EEA300E22D99 /* ViewController.swift in Sources */ = {isa = PBXBuildFile; fileRef = 68CB835C2AA6EEA300E22D99 /* ViewController.swift */; };
		68CB83602AA6EEA300E22D99 /* Main.storyboard in Resources */ = {isa = PBXBuildFile; fileRef = 68CB835E2AA6EEA300E22D99 /* Main.storyboard */; };
		68CB83622AA6EEA400E22D99 /* Assets.xcassets in Resources */ = {isa = PBXBuildFile; fileRef = 68CB83612AA6EEA400E22D99 /* Assets.xcassets */; };
		68CB83652AA6EEA400E22D99 /* LaunchScreen.storyboard in Resources */ = {isa = PBXBuildFile; fileRef = 68CB83632AA6EEA400E22D99 /* LaunchScreen.storyboard */; };
		68CB83702AA6EEA500E22D99 /* aniLoaderTests.swift in Sources */ = {isa = PBXBuildFile; fileRef = 68CB836F2AA6EEA500E22D99 /* aniLoaderTests.swift */; };
		68CB837A2AA6EEA500E22D99 /* aniLoaderUITests.swift in Sources */ = {isa = PBXBuildFile; fileRef = 68CB83792AA6EEA500E22D99 /* aniLoaderUITests.swift */; };
		68CB837C2AA6EEA500E22D99 /* aniLoaderUITestsLaunchTests.swift in Sources */ = {isa = PBXBuildFile; fileRef = 68CB837B2AA6EEA500E22D99 /* aniLoaderUITestsLaunchTests.swift */; };
/* End PBXBuildFile section */

/* Begin PBXContainerItemProxy section */
		68CB836C2AA6EEA500E22D99 /* PBXContainerItemProxy */ = {
			isa = PBXContainerItemProxy;
			containerPortal = 68CB834D2AA6EEA300E22D99 /* Project object */;
			proxyType = 1;
			remoteGlobalIDString = 68CB83542AA6EEA300E22D99;
			remoteInfo = aniLoader;
		};
		68CB83762AA6EEA500E22D99 /* PBXContainerItemProxy */ = {
			isa = PBXContainerItemProxy;
			containerPortal = 68CB834D2AA6EEA300E22D99 /* Project object */;
			proxyType = 1;
			remoteGlobalIDString = 68CB83542AA6EEA300E22D99;
			remoteInfo = aniLoader;
		};
/* End PBXContainerItemProxy section */

/* Begin PBXFileReference section */
		68CB83552AA6EEA300E22D99 /* aniLoader.app */ = {isa = PBXFileReference; explicitFileType = wrapper.application; includeInIndex = 0; path = aniLoader.app; sourceTree = BUILT_PRODUCTS_DIR; };
		68CB83582AA6EEA300E22D99 /* AppDelegate.swift */ = {isa = PBXFileReference; lastKnownFileType = sourcecode.swift; path = AppDelegate.swift; sourceTree = "<group>"; };
		68CB835A2AA6EEA300E22D99 /* SceneDelegate.swift */ = {isa = PBXFileReference; lastKnownFileType = sourcecode.swift; path = SceneDelegate.swift; sourceTree = "<group>"; };
		68CB835C2AA6EEA300E22D99 /* ViewController.swift */ = {isa = PBXFileReference; lastKnownFileType = sourcecode.swift; path = ViewController.swift; sourceTree = "<group>"; };
		68CB835F2AA6EEA300E22D99 /* Base */ = {isa = PBXFileReference; lastKnownFileType = file.storyboard; name = Base; path = Base.lproj/Main.storyboard; sourceTree = "<group>"; };
		68CB83612AA6EEA400E22D99 /* Assets.xcassets */ = {isa = PBXFileReference; lastKnownFileType = folder.assetcatalog; path = Assets.xcassets; sourceTree = "<group>"; };
		68CB83642AA6EEA400E22D99 /* Base */ = {isa = PBXFileReference; lastKnownFileType = file.storyboard; name = Base; path = Base.lproj/LaunchScreen.storyboard; sourceTree = "<group>"; };
		68CB83662AA6EEA400E22D99 /* Info.plist */ = {isa = PBXFileReference; lastKnownFileType = text.plist.xml; path = Info.plist; sourceTree = "<group>"; };
		68CB836B2AA6EEA500E22D99 /* aniLoaderTests.xctest */ = {isa = PBXFileReference; explicitFileType = wrapper.cfbundle; includeInIndex = 0; path = aniLoaderTests.xctest; sourceTree = BUILT_PRODUCTS_DIR; };
		68CB836F2AA6EEA500E22D99 /* aniLoaderTests.swift */ = {isa = PBXFileReference; lastKnownFileType = sourcecode.swift; path = aniLoaderTests.swift; sourceTree = "<group>"; };
		68CB83752AA6EEA500E22D99 /* aniLoaderUITests.xctest */ = {isa = PBXFileReference; explicitFileType = wrapper.cfbundle; includeInIndex = 0; path = aniLoaderUITests.xctest; sourceTree = BUILT_PRODUCTS_DIR; };
		68CB83792AA6EEA500E22D99 /* aniLoaderUITests.swift */ = {isa = PBXFileReference; lastKnownFileType = sourcecode.swift; path = aniLoaderUITests.swift; sourceTree = "<group>"; };
		68CB837B2AA6EEA500E22D99 /* aniLoaderUITestsLaunchTests.swift */ = {isa = PBXFileReference; lastKnownFileType = sourcecode.swift; path = aniLoaderUITestsLaunchTests.swift; sourceTree = "<group>"; };
/* End PBXFileReference section */

/* Begin PBXFrameworksBuildPhase section */
		68CB83522AA6EEA300E22D99 /* Frameworks */ = {
			isa = PBXFrameworksBuildPhase;
			buildActionMask = 2147483647;
			files = (
			);
			runOnlyForDeploymentPostprocessing = 0;
		};
		68CB83682AA6EEA500E22D99 /* Frameworks */ = {
			isa = PBXFrameworksBuildPhase;
			buildActionMask = 2147483647;
			files = (
			);
			runOnlyForDeploymentPostprocessing = 0;
		};
		68CB83722AA6EEA500E22D99 /* Frameworks */ = {
			isa = PBXFrameworksBuildPhase;
			buildActionMask = 2147483647;
			files = (
			);
			runOnlyForDeploymentPostprocessing = 0;
		};
/* End PBXFrameworksBuildPhase section */

/* Begin PBXGroup section */
		68CB834C2AA6EEA300E22D99 = {
			isa = PBXGroup;
			children = (
				68CB83572AA6EEA300E22D99 /* aniLoader */,
				68CB836E2AA6EEA500E22D99 /* aniLoaderTests */,
				68CB83782AA6EEA500E22D99 /* aniLoaderUITests */,
				68CB83562AA6EEA300E22D99 /* Products */,
			);
			sourceTree = "<group>";
		};
		68CB83562AA6EEA300E22D99 /* Products */ = {
			isa = PBXGroup;
			children = (
				68CB83552AA6EEA300E22D99 /* aniLoader.app */,
				68CB836B2AA6EEA500E22D99 /* aniLoaderTests.xctest */,
				68CB83752AA6EEA500E22D99 /* aniLoaderUITests.xctest */,
			);
			name = Products;
			sourceTree = "<group>";
		};
		68CB83572AA6EEA300E22D99 /* aniLoader */ = {
			isa = PBXGroup;
			children = (
				68CB83582AA6EEA300E22D99 /* AppDelegate.swift */,
				68CB835A2AA6EEA300E22D99 /* SceneDelegate.swift */,
				68CB835C2AA6EEA300E22D99 /* ViewController.swift */,
				68CB835E2AA6EEA300E22D99 /* Main.storyboard */,
				68CB83612AA6EEA400E22D99 /* Assets.xcassets */,
				68CB83632AA6EEA400E22D99 /* LaunchScreen.storyboard */,
				68CB83662AA6EEA400E22D99 /* Info.plist */,
			);
			path = aniLoader;
			sourceTree = "<group>";
		};
		68CB836E2AA6EEA500E22D99 /* aniLoaderTests */ = {
			isa = PBXGroup;
			children = (
				68CB836F2AA6EEA500E22D99 /* aniLoaderTests.swift */,
			);
			path = aniLoaderTests;
			sourceTree = "<group>";
		};
		68CB83782AA6EEA500E22D99 /* aniLoaderUITests */ = {
			isa = PBXGroup;
			children = (
				68CB83792AA6EEA500E22D99 /* aniLoaderUITests.swift */,
				68CB837B2AA6EEA500E22D99 /* aniLoaderUITestsLaunchTests.swift */,
			);
			path = aniLoaderUITests;
			sourceTree = "<group>";
		};
/* End PBXGroup section */

/* Begin PBXNativeTarget section */
		68CB83542AA6EEA300E22D99 /* aniLoader */ = {
			isa = PBXNativeTarget;
			buildConfigurationList = 68CB837F2AA6EEA500E22D99 /* Build configuration list for PBXNativeTarget "aniLoader" */;
			buildPhases = (
				68CB83512AA6EEA300E22D99 /* Sources */,
				68CB83522AA6EEA300E22D99 /* Frameworks */,
				68CB83532AA6EEA300E22D99 /* Resources */,
			);
			buildRules = (
			);
			dependencies = (
			);
			name = aniLoader;
			productName = aniLoader;
			productReference = 68CB83552AA6EEA300E22D99 /* aniLoader.app */;
			productType = "com.apple.product-type.application";
		};
		68CB836A2AA6EEA500E22D99 /* aniLoaderTests */ = {
			isa = PBXNativeTarget;
			buildConfigurationList = 68CB83822AA6EEA500E22D99 /* Build configuration list for PBXNativeTarget "aniLoaderTests" */;
			buildPhases = (
				68CB83672AA6EEA500E22D99 /* Sources */,
				68CB83682AA6EEA500E22D99 /* Frameworks */,
				68CB83692AA6EEA500E22D99 /* Resources */,
			);
			buildRules = (
			);
			dependencies = (
				68CB836D2AA6EEA500E22D99 /* PBXTargetDependency */,
			);
			name = aniLoaderTests;
			productName = aniLoaderTests;
			productReference = 68CB836B2AA6EEA500E22D99 /* aniLoaderTests.xctest */;
			productType = "com.apple.product-type.bundle.unit-test";
		};
		68CB83742AA6EEA500E22D99 /* aniLoaderUITests */ = {
			isa = PBXNativeTarget;
			buildConfigurationList = 68CB83852AA6EEA500E22D99 /* Build configuration list for PBXNativeTarget "aniLoaderUITests" */;
			buildPhases = (
				68CB83712AA6EEA500E22D99 /* Sources */,
				68CB83722AA6EEA500E22D99 /* Frameworks */,
				68CB83732AA6EEA500E22D99 /* Resources */,
			);
			buildRules = (
			);
			dependencies = (
				68CB83772AA6EEA500E22D99 /* PBXTargetDependency */,
			);
			name = aniLoaderUITests;
			productName = aniLoaderUITests;
			productReference = 68CB83752AA6EEA500E22D99 /* aniLoaderUITests.xctest */;
			productType = "com.apple.product-type.bundle.ui-testing";
		};
/* End PBXNativeTarget section */

/* Begin PBXProject section */
		68CB834D2AA6EEA300E22D99 /* Project object */ = {
			isa = PBXProject;
			attributes = {
				BuildIndependentTargetsInParallel = 1;
				LastSwiftUpdateCheck = 1430;
				LastUpgradeCheck = 1430;
				TargetAttributes = {
					68CB83542AA6EEA300E22D99 = {
						CreatedOnToolsVersion = 14.3;
					};
					68CB836A2AA6EEA500E22D99 = {
						CreatedOnToolsVersion = 14.3;
						TestTargetID = 68CB83542AA6EEA300E22D99;
					};
					68CB83742AA6EEA500E22D99 = {
						CreatedOnToolsVersion = 14.3;
						TestTargetID = 68CB83542AA6EEA300E22D99;
					};
				};
			};
			buildConfigurationList = 68CB83502AA6EEA300E22D99 /* Build configuration list for PBXProject "aniLoader" */;
			compatibilityVersion = "Xcode 14.0";
			developmentRegion = en;
			hasScannedForEncodings = 0;
			knownRegions = (
				en,
				Base,
			);
			mainGroup = 68CB834C2AA6EEA300E22D99;
			productRefGroup = 68CB83562AA6EEA300E22D99 /* Products */;
			projectDirPath = "";
			projectRoot = "";
			targets = (
				68CB83542AA6EEA300E22D99 /* aniLoader */,
				68CB836A2AA6EEA500E22D99 /* aniLoaderTests */,
				68CB83742AA6EEA500E22D99 /* aniLoaderUITests */,
			);
		};
/* End PBXProject section */

/* Begin PBXResourcesBuildPhase section */
		68CB83532AA6EEA300E22D99 /* Resources */ = {
			isa = PBXResourcesBuildPhase;
			buildActionMask = 2147483647;
			files = (
				68CB83652AA6EEA400E22D99 /* LaunchScreen.storyboard in Resources */,
				68CB83622AA6EEA400E22D99 /* Assets.xcassets in Resources */,
				68CB83602AA6EEA300E22D99 /* Main.storyboard in Resources */,
			);
			runOnlyForDeploymentPostprocessing = 0;
		};
		68CB83692AA6EEA500E22D99 /* Resources */ = {
			isa = PBXResourcesBuildPhase;
			buildActionMask = 2147483647;
			files = (
			);
			runOnlyForDeploymentPostprocessing = 0;
		};
		68CB83732AA6EEA500E22D99 /* Resources */ = {
			isa = PBXResourcesBuildPhase;
			buildActionMask = 2147483647;
			files = (
			);
			runOnlyForDeploymentPostprocessing = 0;
		};
/* End PBXResourcesBuildPhase section */

/* Begin PBXSourcesBuildPhase section */
		68CB83512AA6EEA300E22D99 /* Sources */ = {
			isa = PBXSourcesBuildPhase;
			buildActionMask = 2147483647;
			files = (
				68CB835D2AA6EEA300E22D99 /* ViewController.swift in Sources */,
				68CB83592AA6EEA300E22D99 /* AppDelegate.swift in Sources */,
				68CB835B2AA6EEA300E22D99 /* SceneDelegate.swift in Sources */,
			);
			runOnlyForDeploymentPostprocessing = 0;
		};
		68CB83672AA6EEA500E22D99 /* Sources */ = {
			isa = PBXSourcesBuildPhase;
			buildActionMask = 2147483647;
			files = (
				68CB83702AA6EEA500E22D99 /* aniLoaderTests.swift in Sources */,
			);
			runOnlyForDeploymentPostprocessing = 0;
		};
		68CB83712AA6EEA500E22D99 /* Sources */ = {
			isa = PBXSourcesBuildPhase;
			buildActionMask = 2147483647;
			files = (
				68CB837C2AA6EEA500E22D99 /* aniLoaderUITestsLaunchTests.swift in Sources */,
				68CB837A2AA6EEA500E22D99 /* aniLoaderUITests.swift in Sources */,
			);
			runOnlyForDeploymentPostprocessing = 0;
		};
/* End PBXSourcesBuildPhase section */

/* Begin PBXTargetDependency section */
		68CB836D2AA6EEA500E22D99 /* PBXTargetDependency */ = {
			isa = PBXTargetDependency;
			target = 68CB83542AA6EEA300E22D99 /* aniLoader */;
			targetProxy = 68CB836C2AA6EEA500E22D99 /* PBXContainerItemProxy */;
		};
		68CB83772AA6EEA500E22D99 /* PBXTargetDependency */ = {
			isa = PBXTargetDependency;
			target = 68CB83542AA6EEA300E22D99 /* aniLoader */;
			targetProxy = 68CB83762AA6EEA500E22D99 /* PBXContainerItemProxy */;
		};
/* End PBXTargetDependency section */

/* Begin PBXVariantGroup section */
		68CB835E2AA6EEA300E22D99 /* Main.storyboard */ = {
			isa = PBXVariantGroup;
			children = (
				68CB835F2AA6EEA300E22D99 /* Base */,
			);
			name = Main.storyboard;
			sourceTree = "<group>";
		};
		68CB83632AA6EEA400E22D99 /* LaunchScreen.storyboard */ = {
			isa = PBXVariantGroup;
			children = (
				68CB83642AA6EEA400E22D99 /* Base */,
			);
			name = LaunchScreen.storyboard;
			sourceTree = "<group>";
		};
/* End PBXVariantGroup section */

/* Begin XCBuildConfiguration section */
		68CB837D2AA6EEA500E22D99 /* Debug */ = {
			isa = XCBuildConfiguration;
			buildSettings = {
				ALWAYS_SEARCH_USER_PATHS = NO;
				CLANG_ANALYZER_NONNULL = YES;
				CLANG_ANALYZER_NUMBER_OBJECT_CONVERSION = YES_AGGRESSIVE;
				CLANG_CXX_LANGUAGE_STANDARD = "gnu++20";
				CLANG_ENABLE_MODULES = YES;
				CLANG_ENABLE_OBJC_ARC = YES;
				CLANG_ENABLE_OBJC_WEAK = YES;
				CLANG_WARN_BLOCK_CAPTURE_AUTORELEASING = YES;
				CLANG_WARN_BOOL_CONVERSION = YES;
				CLANG_WARN_COMMA = YES;
				CLANG_WARN_CONSTANT_CONVERSION = YES;
				CLANG_WARN_DEPRECATED_OBJC_IMPLEMENTATIONS = YES;
				CLANG_WARN_DIRECT_OBJC_ISA_USAGE = YES_ERROR;
				CLANG_WARN_DOCUMENTATION_COMMENTS = YES;
				CLANG_WARN_EMPTY_BODY = YES;
				CLANG_WARN_ENUM_CONVERSION = YES;
				CLANG_WARN_INFINITE_RECURSION = YES;
				CLANG_WARN_INT_CONVERSION = YES;
				CLANG_WARN_NON_LITERAL_NULL_CONVERSION = YES;
				CLANG_WARN_OBJC_IMPLICIT_RETAIN_SELF = YES;
				CLANG_WARN_OBJC_LITERAL_CONVERSION = YES;
				CLANG_WARN_OBJC_ROOT_CLASS = YES_ERROR;
				CLANG_WARN_QUOTED_INCLUDE_IN_FRAMEWORK_HEADER = YES;
				CLANG_WARN_RANGE_LOOP_ANALYSIS = YES;
				CLANG_WARN_STRICT_PROTOTYPES = YES;
				CLANG_WARN_SUSPICIOUS_MOVE = YES;
				CLANG_WARN_UNGUARDED_AVAILABILITY = YES_AGGRESSIVE;
				CLANG_WARN_UNREACHABLE_CODE = YES;
				CLANG_WARN__DUPLICATE_METHOD_MATCH = YES;
				COPY_PHASE_STRIP = NO;
				DEBUG_INFORMATION_FORMAT = dwarf;
				ENABLE_STRICT_OBJC_MSGSEND = YES;
				ENABLE_TESTABILITY = YES;
				GCC_C_LANGUAGE_STANDARD = gnu11;
				GCC_DYNAMIC_NO_PIC = NO;
				GCC_NO_COMMON_BLOCKS = YES;
				GCC_OPTIMIZATION_LEVEL = 0;
				GCC_PREPROCESSOR_DEFINITIONS = (
					"DEBUG=1",
					"$(inherited)",
				);
				GCC_WARN_64_TO_32_BIT_CONVERSION = YES;
				GCC_WARN_ABOUT_RETURN_TYPE = YES_ERROR;
				GCC_WARN_UNDECLARED_SELECTOR = YES;
				GCC_WARN_UNINITIALIZED_AUTOS = YES_AGGRESSIVE;
				GCC_WARN_UNUSED_FUNCTION = YES;
				GCC_WARN_UNUSED_VARIABLE = YES;
				IPHONEOS_DEPLOYMENT_TARGET = 16.4;
				MTL_ENABLE_DEBUG_INFO = INCLUDE_SOURCE;
				MTL_FAST_MATH = YES;
				ONLY_ACTIVE_ARCH = YES;
				SDKROOT = iphoneos;
				SWIFT_ACTIVE_COMPILATION_CONDITIONS = DEBUG;
				SWIFT_OPTIMIZATION_LEVEL = "-Onone";
			};
			name = Debug;
		};
		68CB837E2AA6EEA500E22D99 /* Release */ = {
			isa = XCBuildConfiguration;
			buildSettings = {
				ALWAYS_SEARCH_USER_PATHS = NO;
				CLANG_ANALYZER_NONNULL = YES;
				CLANG_ANALYZER_NUMBER_OBJECT_CONVERSION = YES_AGGRESSIVE;
				CLANG_CXX_LANGUAGE_STANDARD = "gnu++20";
				CLANG_ENABLE_MODULES = YES;
				CLANG_ENABLE_OBJC_ARC = YES;
				CLANG_ENABLE_OBJC_WEAK = YES;
				CLANG_WARN_BLOCK_CAPTURE_AUTORELEASING = YES;
				CLANG_WARN_BOOL_CONVERSION = YES;
				CLANG_WARN_COMMA = YES;
				CLANG_WARN_CONSTANT_CONVERSION = YES;
				CLANG_WARN_DEPRECATED_OBJC_IMPLEMENTATIONS = YES;
				CLANG_WARN_DIRECT_OBJC_ISA_USAGE = YES_ERROR;
				CLANG_WARN_DOCUMENTATION_COMMENTS = YES;
				CLANG_WARN_EMPTY_BODY = YES;
				CLANG_WARN_ENUM_CONVERSION = YES;
				CLANG_WARN_INFINITE_RECURSION = YES;
				CLANG_WARN_INT_CONVERSION = YES;
				CLANG_WARN_NON_LITERAL_NULL_CONVERSION = YES;
				CLANG_WARN_OBJC_IMPLICIT_RETAIN_SELF = YES;
				CLANG_WARN_OBJC_LITERAL_CONVERSION = YES;
				CLANG_WARN_OBJC_ROOT_CLASS = YES_ERROR;
				CLANG_WARN_QUOTED_INCLUDE_IN_FRAMEWORK_HEADER = YES;
				CLANG_WARN_RANGE_LOOP_ANALYSIS = YES;
				CLANG_WARN_STRICT_PROTOTYPES = YES;
				CLANG_WARN_SUSPICIOUS_MOVE = YES;
				CLANG_WARN_UNGUARDED_AVAILABILITY = YES_AGGRESSIVE;
				CLANG_WARN_UNREACHABLE_CODE = YES;
				CLANG_WARN__DUPLICATE_METHOD_MATCH = YES;
				COPY_PHASE_STRIP = NO;
				DEBUG_INFORMATION_FORMAT = "dwarf-with-dsym";
				ENABLE_NS_ASSERTIONS = NO;
				ENABLE_STRICT_OBJC_MSGSEND = YES;
				GCC_C_LANGUAGE_STANDARD = gnu11;
				GCC_NO_COMMON_BLOCKS = YES;
				GCC_WARN_64_TO_32_BIT_CONVERSION = YES;
				GCC_WARN_ABOUT_RETURN_TYPE = YES_ERROR;
				GCC_WARN_UNDECLARED_SELECTOR = YES;
				GCC_WARN_UNINITIALIZED_AUTOS = YES_AGGRESSIVE;
				GCC_WARN_UNUSED_FUNCTION = YES;
				GCC_WARN_UNUSED_VARIABLE = YES;
				IPHONEOS_DEPLOYMENT_TARGET = 16.4;
				MTL_ENABLE_DEBUG_INFO = NO;
				MTL_FAST_MATH = YES;
				SDKROOT = iphoneos;
				SWIFT_COMPILATION_MODE = wholemodule;
				SWIFT_OPTIMIZATION_LEVEL = "-O";
				VALIDATE_PRODUCT = YES;
			};
			name = Release;
		};
		68CB83802AA6EEA500E22D99 /* Debug */ = {
			isa = XCBuildConfiguration;
			buildSettings = {
				ASSETCATALOG_COMPILER_APPICON_NAME = AppIcon;
				ASSETCATALOG_COMPILER_GLOBAL_ACCENT_COLOR_NAME = AccentColor;
				CODE_SIGN_STYLE = Automatic;
				CURRENT_PROJECT_VERSION = 1;
				DEVELOPMENT_TEAM = X2BFJ3XDTG;
				GENERATE_INFOPLIST_FILE = YES;
				INFOPLIST_FILE = aniLoader/Info.plist;
				INFOPLIST_KEY_UIApplicationSupportsIndirectInputEvents = YES;
				INFOPLIST_KEY_UILaunchStoryboardName = LaunchScreen;
				INFOPLIST_KEY_UIMainStoryboardFile = Main;
				INFOPLIST_KEY_UISupportedInterfaceOrientations_iPad = "UIInterfaceOrientationPortrait UIInterfaceOrientationPortraitUpsideDown UIInterfaceOrientationLandscapeLeft UIInterfaceOrientationLandscapeRight";
				INFOPLIST_KEY_UISupportedInterfaceOrientations_iPhone = "UIInterfaceOrientationPortrait UIInterfaceOrientationLandscapeLeft UIInterfaceOrientationLandscapeRight";
				LD_RUNPATH_SEARCH_PATHS = (
					"$(inherited)",
					"@executable_path/Frameworks",
				);
				MARKETING_VERSION = 1.0;
				PRODUCT_BUNDLE_IDENTIFIER = com.jh.aniLoader.aniLoader;
				PRODUCT_NAME = "$(TARGET_NAME)";
				SWIFT_EMIT_LOC_STRINGS = YES;
				SWIFT_VERSION = 5.0;
				TARGETED_DEVICE_FAMILY = "1,2";
			};
			name = Debug;
		};
		68CB83812AA6EEA500E22D99 /* Release */ = {
			isa = XCBuildConfiguration;
			buildSettings = {
				ASSETCATALOG_COMPILER_APPICON_NAME = AppIcon;
				ASSETCATALOG_COMPILER_GLOBAL_ACCENT_COLOR_NAME = AccentColor;
				CODE_SIGN_STYLE = Automatic;
				CURRENT_PROJECT_VERSION = 1;
				DEVELOPMENT_TEAM = X2BFJ3XDTG;
				GENERATE_INFOPLIST_FILE = YES;
				INFOPLIST_FILE = aniLoader/Info.plist;
				INFOPLIST_KEY_UIApplicationSupportsIndirectInputEvents = YES;
				INFOPLIST_KEY_UILaunchStoryboardName = LaunchScreen;
				INFOPLIST_KEY_UIMainStoryboardFile = Main;
				INFOPLIST_KEY_UISupportedInterfaceOrientations_iPad = "UIInterfaceOrientationPortrait UIInterfaceOrientationPortraitUpsideDown UIInterfaceOrientationLandscapeLeft UIInterfaceOrientationLandscapeRight";
				INFOPLIST_KEY_UISupportedInterfaceOrientations_iPhone = "UIInterfaceOrientationPortrait UIInterfaceOrientationLandscapeLeft UIInterfaceOrientationLandscapeRight";
				LD_RUNPATH_SEARCH_PATHS = (
					"$(inherited)",
					"@executable_path/Frameworks",
				);
				MARKETING_VERSION = 1.0;
				PRODUCT_BUNDLE_IDENTIFIER = com.jh.aniLoader.aniLoader;
				PRODUCT_NAME = "$(TARGET_NAME)";
				SWIFT_EMIT_LOC_STRINGS = YES;
				SWIFT_VERSION = 5.0;
				TARGETED_DEVICE_FAMILY = "1,2";
			};
			name = Release;
		};
		68CB83832AA6EEA500E22D99 /* Debug */ = {
			isa = XCBuildConfiguration;
			buildSettings = {
				ALWAYS_EMBED_SWIFT_STANDARD_LIBRARIES = YES;
				BUNDLE_LOADER = "$(TEST_HOST)";
				CODE_SIGN_STYLE = Automatic;
				CURRENT_PROJECT_VERSION = 1;
				DEVELOPMENT_TEAM = X2BFJ3XDTG;
				GENERATE_INFOPLIST_FILE = YES;
				IPHONEOS_DEPLOYMENT_TARGET = 16.4;
				MARKETING_VERSION = 1.0;
				PRODUCT_BUNDLE_IDENTIFIER = com.jh.aniLoader.aniLoaderTests;
				PRODUCT_NAME = "$(TARGET_NAME)";
				SWIFT_EMIT_LOC_STRINGS = NO;
				SWIFT_VERSION = 5.0;
				TARGETED_DEVICE_FAMILY = "1,2";
				TEST_HOST = "$(BUILT_PRODUCTS_DIR)/aniLoader.app/$(BUNDLE_EXECUTABLE_FOLDER_PATH)/aniLoader";
			};
			name = Debug;
		};
		68CB83842AA6EEA500E22D99 /* Release */ = {
			isa = XCBuildConfiguration;
			buildSettings = {
				ALWAYS_EMBED_SWIFT_STANDARD_LIBRARIES = YES;
				BUNDLE_LOADER = "$(TEST_HOST)";
				CODE_SIGN_STYLE = Automatic;
				CURRENT_PROJECT_VERSION = 1;
				DEVELOPMENT_TEAM = X2BFJ3XDTG;
				GENERATE_INFOPLIST_FILE = YES;
				IPHONEOS_DEPLOYMENT_TARGET = 16.4;
				MARKETING_VERSION = 1.0;
				PRODUCT_BUNDLE_IDENTIFIER = com.jh.aniLoader.aniLoaderTests;
				PRODUCT_NAME = "$(TARGET_NAME)";
				SWIFT_EMIT_LOC_STRINGS = NO;
				SWIFT_VERSION = 5.0;
				TARGETED_DEVICE_FAMILY = "1,2";
				TEST_HOST = "$(BUILT_PRODUCTS_DIR)/aniLoader.app/$(BUNDLE_EXECUTABLE_FOLDER_PATH)/aniLoader";
			};
			name = Release;
		};
		68CB83862AA6EEA500E22D99 /* Debug */ = {
			isa = XCBuildConfiguration;
			buildSettings = {
				ALWAYS_EMBED_SWIFT_STANDARD_LIBRARIES = YES;
				CODE_SIGN_STYLE = Automatic;
				CURRENT_PROJECT_VERSION = 1;
				DEVELOPMENT_TEAM = X2BFJ3XDTG;
				GENERATE_INFOPLIST_FILE = YES;
				MARKETING_VERSION = 1.0;
				PRODUCT_BUNDLE_IDENTIFIER = com.jh.aniLoader.aniLoaderUITests;
				PRODUCT_NAME = "$(TARGET_NAME)";
				SWIFT_EMIT_LOC_STRINGS = NO;
				SWIFT_VERSION = 5.0;
				TARGETED_DEVICE_FAMILY = "1,2";
				TEST_TARGET_NAME = aniLoader;
			};
			name = Debug;
		};
		68CB83872AA6EEA500E22D99 /* Release */ = {
			isa = XCBuildConfiguration;
			buildSettings = {
				ALWAYS_EMBED_SWIFT_STANDARD_LIBRARIES = YES;
				CODE_SIGN_STYLE = Automatic;
				CURRENT_PROJECT_VERSION = 1;
				DEVELOPMENT_TEAM = X2BFJ3XDTG;
				GENERATE_INFOPLIST_FILE = YES;
				MARKETING_VERSION = 1.0;
				PRODUCT_BUNDLE_IDENTIFIER = com.jh.aniLoader.aniLoaderUITests;
				PRODUCT_NAME = "$(TARGET_NAME)";
				SWIFT_EMIT_LOC_STRINGS = NO;
				SWIFT_VERSION = 5.0;
				TARGETED_DEVICE_FAMILY = "1,2";
				TEST_TARGET_NAME = aniLoader;
			};
			name = Release;
		};
/* End XCBuildConfiguration section */

/* Begin XCConfigurationList section */
		68CB83502AA6EEA300E22D99 /* Build configuration list for PBXProject "aniLoader" */ = {
			isa = XCConfigurationList;
			buildConfigurations = (
				68CB837D2AA6EEA500E22D99 /* Debug */,
				68CB837E2AA6EEA500E22D99 /* Release */,
			);
			defaultConfigurationIsVisible = 0;
			defaultConfigurationName = Release;
		};
		68CB837F2AA6EEA500E22D99 /* Build configuration list for PBXNativeTarget "aniLoader" */ = {
			isa = XCConfigurationList;
			buildConfigurations = (
				68CB83802AA6EEA500E22D99 /* Debug */,
				68CB83812AA6EEA500E22D99 /* Release */,
			);
			defaultConfigurationIsVisible = 0;
			defaultConfigurationName = Release;
		};
		68CB83822AA6EEA500E22D99 /* Build configuration list for PBXNativeTarget "aniLoaderTests" */ = {
			isa = XCConfigurationList;
			buildConfigurations = (
				68CB83832AA6EEA500E22D99 /* Debug */,
				68CB83842AA6EEA500E22D99 /* Release */,
			);
			defaultConfigurationIsVisible = 0;
			defaultConfigurationName = Release;
		};
		68CB83852AA6EEA500E22D99 /* Build configuration list for PBXNativeTarget "aniLoaderUITests" */ = {
			isa = XCConfigurationList;
			buildConfigurations = (
				68CB83862AA6EEA500E22D99 /* Debug */,
				68CB83872AA6EEA500E22D99 /* Release */,
			);
			defaultConfigurationIsVisible = 0;
			defaultConfigurationName = Release;
		};
/* End XCConfigurationList section */
	};
	rootObject = 68CB834D2AA6EEA300E22D99 /* Project object */;
}
